
Microsoft Visual Studio Solution File, Format Version 12.00
# Visual Studio Version 16
VisualStudioVersion = 16.0.29403.142
MinimumVisualStudioVersion = 10.0.40219.1
Project("{9A19103F-16F7-4668-BE54-9A1E7A4F7556}") = "Equinor.Procosys.Preservation.WebApi", "Equinor.Procosys.Preservation.WebApi\Equinor.Procosys.Preservation.WebApi.csproj", "{41238CAE-6367-4F5C-B20D-D99B12FEF49B}"
EndProject
Project("{9A19103F-16F7-4668-BE54-9A1E7A4F7556}") = "Equinor.Procosys.Preservation.Domain", "Equinor.Procosys.Preservation.Domain\Equinor.Procosys.Preservation.Domain.csproj", "{1DBA25BE-197F-4748-846B-970E50B67BEE}"
EndProject
Project("{9A19103F-16F7-4668-BE54-9A1E7A4F7556}") = "Equinor.Procosys.Preservation.Infrastructure", "Equinor.Procosys.Preservation.Infrastructure\Equinor.Procosys.Preservation.Infrastructure.csproj", "{D95EDBEF-BCE7-4DF5-963F-6CE7AFB61B1A}"
EndProject
Project("{9A19103F-16F7-4668-BE54-9A1E7A4F7556}") = "Equinor.Procosys.Preservation.Command", "Equinor.Procosys.Preservation.Command\Equinor.Procosys.Preservation.Command.csproj", "{296F1764-9FF9-4ABF-BF47-D447E249BFAA}"
EndProject
Project("{9A19103F-16F7-4668-BE54-9A1E7A4F7556}") = "Equinor.Procosys.Preservation.Query", "Equinor.Procosys.Preservation.Query\Equinor.Procosys.Preservation.Query.csproj", "{79C78589-9C5E-4B7E-AFFF-63E9FD6AEDD4}"
EndProject
Project("{9A19103F-16F7-4668-BE54-9A1E7A4F7556}") = "Equinor.Procosys.Preservation.Domain.Tests", "Equinor.Procosys.Preservation.Domain.Tests\Equinor.Procosys.Preservation.Domain.Tests.csproj", "{9F46BE08-0556-47BF-A1C9-1623980683B6}"
EndProject
Project("{9A19103F-16F7-4668-BE54-9A1E7A4F7556}") = "Equinor.Procosys.Preservation.Command.Tests", "Equinor.Procosys.Preservation.Command.Tests\Equinor.Procosys.Preservation.Command.Tests.csproj", "{7F9E842D-0816-4D02-8632-5AF1D045D4C7}"
EndProject
Project("{9A19103F-16F7-4668-BE54-9A1E7A4F7556}") = "Equinor.Procosys.Preservation.Infrastructure.Tests", "Equinor.Procosys.Preservation.Infrastructure.Tests\Equinor.Procosys.Preservation.Infrastructure.Tests.csproj", "{6BAFBEF3-50FC-4298-BDBF-2D7F58A2BEF6}"
EndProject
Project("{9A19103F-16F7-4668-BE54-9A1E7A4F7556}") = "Equinor.Procosys.Preservation.Query.Tests", "Equinor.Procosys.Preservation.Query.Tests\Equinor.Procosys.Preservation.Query.Tests.csproj", "{1A3AC969-DB00-4B01-9027-407E7897FDF7}"
EndProject
Project("{9A19103F-16F7-4668-BE54-9A1E7A4F7556}") = "Equinor.Procosys.Preservation.WebApi.Tests", "Equinor.Procosys.Preservation.WebApi.Tests\Equinor.Procosys.Preservation.WebApi.Tests.csproj", "{9FBCBFC1-FBEF-4739-A3A5-A8FAB1A4DC08}"
EndProject
Project("{2150E333-8FDC-42A3-9474-1A3956D46DE8}") = "Solution Items", "Solution Items", "{946E8B4F-9EA5-4301-AFAD-14299C816709}"
	ProjectSection(SolutionItems) = preProject
		.editorconfig = .editorconfig
	EndProjectSection
EndProject
Global
	GlobalSection(SolutionConfigurationPlatforms) = preSolution
		Debug|Any CPU = Debug|Any CPU
		Release|Any CPU = Release|Any CPU
	EndGlobalSection
	GlobalSection(ProjectConfigurationPlatforms) = postSolution
		{41238CAE-6367-4F5C-B20D-D99B12FEF49B}.Debug|Any CPU.ActiveCfg = Debug|Any CPU
		{41238CAE-6367-4F5C-B20D-D99B12FEF49B}.Debug|Any CPU.Build.0 = Debug|Any CPU
		{41238CAE-6367-4F5C-B20D-D99B12FEF49B}.Release|Any CPU.ActiveCfg = Release|Any CPU
		{41238CAE-6367-4F5C-B20D-D99B12FEF49B}.Release|Any CPU.Build.0 = Release|Any CPU
		{1DBA25BE-197F-4748-846B-970E50B67BEE}.Debug|Any CPU.ActiveCfg = Debug|Any CPU
		{1DBA25BE-197F-4748-846B-970E50B67BEE}.Debug|Any CPU.Build.0 = Debug|Any CPU
		{1DBA25BE-197F-4748-846B-970E50B67BEE}.Release|Any CPU.ActiveCfg = Release|Any CPU
		{1DBA25BE-197F-4748-846B-970E50B67BEE}.Release|Any CPU.Build.0 = Release|Any CPU
		{D95EDBEF-BCE7-4DF5-963F-6CE7AFB61B1A}.Debug|Any CPU.ActiveCfg = Debug|Any CPU
		{D95EDBEF-BCE7-4DF5-963F-6CE7AFB61B1A}.Debug|Any CPU.Build.0 = Debug|Any CPU
		{D95EDBEF-BCE7-4DF5-963F-6CE7AFB61B1A}.Release|Any CPU.ActiveCfg = Release|Any CPU
		{D95EDBEF-BCE7-4DF5-963F-6CE7AFB61B1A}.Release|Any CPU.Build.0 = Release|Any CPU
		{296F1764-9FF9-4ABF-BF47-D447E249BFAA}.Debug|Any CPU.ActiveCfg = Debug|Any CPU
		{296F1764-9FF9-4ABF-BF47-D447E249BFAA}.Debug|Any CPU.Build.0 = Debug|Any CPU
		{296F1764-9FF9-4ABF-BF47-D447E249BFAA}.Release|Any CPU.ActiveCfg = Release|Any CPU
		{296F1764-9FF9-4ABF-BF47-D447E249BFAA}.Release|Any CPU.Build.0 = Release|Any CPU
		{79C78589-9C5E-4B7E-AFFF-63E9FD6AEDD4}.Debug|Any CPU.ActiveCfg = Debug|Any CPU
		{79C78589-9C5E-4B7E-AFFF-63E9FD6AEDD4}.Debug|Any CPU.Build.0 = Debug|Any CPU
		{79C78589-9C5E-4B7E-AFFF-63E9FD6AEDD4}.Release|Any CPU.ActiveCfg = Release|Any CPU
		{79C78589-9C5E-4B7E-AFFF-63E9FD6AEDD4}.Release|Any CPU.Build.0 = Release|Any CPU
		{9F46BE08-0556-47BF-A1C9-1623980683B6}.Debug|Any CPU.ActiveCfg = Debug|Any CPU
		{9F46BE08-0556-47BF-A1C9-1623980683B6}.Debug|Any CPU.Build.0 = Debug|Any CPU
		{9F46BE08-0556-47BF-A1C9-1623980683B6}.Release|Any CPU.ActiveCfg = Release|Any CPU
		{9F46BE08-0556-47BF-A1C9-1623980683B6}.Release|Any CPU.Build.0 = Release|Any CPU
		{7F9E842D-0816-4D02-8632-5AF1D045D4C7}.Debug|Any CPU.ActiveCfg = Debug|Any CPU
		{7F9E842D-0816-4D02-8632-5AF1D045D4C7}.Debug|Any CPU.Build.0 = Debug|Any CPU
		{7F9E842D-0816-4D02-8632-5AF1D045D4C7}.Release|Any CPU.ActiveCfg = Release|Any CPU
		{7F9E842D-0816-4D02-8632-5AF1D045D4C7}.Release|Any CPU.Build.0 = Release|Any CPU
		{6BAFBEF3-50FC-4298-BDBF-2D7F58A2BEF6}.Debug|Any CPU.ActiveCfg = Debug|Any CPU
		{6BAFBEF3-50FC-4298-BDBF-2D7F58A2BEF6}.Debug|Any CPU.Build.0 = Debug|Any CPU
		{6BAFBEF3-50FC-4298-BDBF-2D7F58A2BEF6}.Release|Any CPU.ActiveCfg = Release|Any CPU
		{6BAFBEF3-50FC-4298-BDBF-2D7F58A2BEF6}.Release|Any CPU.Build.0 = Release|Any CPU
		{1A3AC969-DB00-4B01-9027-407E7897FDF7}.Debug|Any CPU.ActiveCfg = Debug|Any CPU
		{1A3AC969-DB00-4B01-9027-407E7897FDF7}.Debug|Any CPU.Build.0 = Debug|Any CPU
		{1A3AC969-DB00-4B01-9027-407E7897FDF7}.Release|Any CPU.ActiveCfg = Release|Any CPU
		{1A3AC969-DB00-4B01-9027-407E7897FDF7}.Release|Any CPU.Build.0 = Release|Any CPU
		{9FBCBFC1-FBEF-4739-A3A5-A8FAB1A4DC08}.Debug|Any CPU.ActiveCfg = Debug|Any CPU
		{9FBCBFC1-FBEF-4739-A3A5-A8FAB1A4DC08}.Debug|Any CPU.Build.0 = Debug|Any CPU
		{9FBCBFC1-FBEF-4739-A3A5-A8FAB1A4DC08}.Release|Any CPU.ActiveCfg = Release|Any CPU
		{9FBCBFC1-FBEF-4739-A3A5-A8FAB1A4DC08}.Release|Any CPU.Build.0 = Release|Any CPU
	EndGlobalSection
	GlobalSection(SolutionProperties) = preSolution
		HideSolutionNode = FALSE
	EndGlobalSection
	GlobalSection(ExtensibilityGlobals) = postSolution
		SolutionGuid = {C79730D0-E4C2-474A-9D04-1C07256B6DF3}
	EndGlobalSection
EndGlobal
