
Microsoft Visual Studio Solution File, Format Version 12.00
# Visual Studio Version 16
VisualStudioVersion = 16.0.29403.142
MinimumVisualStudioVersion = 10.0.40219.1
Project("{9A19103F-16F7-4668-BE54-9A1E7A4F7556}") = "Equinor.ProCoSys.Preservation.WebApi", "Equinor.ProCoSys.Preservation.WebApi\Equinor.ProCoSys.Preservation.WebApi.csproj", "{41238CAE-6367-4F5C-B20D-D99B12FEF49B}"
EndProject
Project("{9A19103F-16F7-4668-BE54-9A1E7A4F7556}") = "Equinor.ProCoSys.Preservation.Domain", "Equinor.ProCoSys.Preservation.Domain\Equinor.ProCoSys.Preservation.Domain.csproj", "{1DBA25BE-197F-4748-846B-970E50B67BEE}"
EndProject
Project("{9A19103F-16F7-4668-BE54-9A1E7A4F7556}") = "Equinor.ProCoSys.Preservation.Infrastructure", "Equinor.ProCoSys.Preservation.Infrastructure\Equinor.ProCoSys.Preservation.Infrastructure.csproj", "{D95EDBEF-BCE7-4DF5-963F-6CE7AFB61B1A}"
EndProject
Project("{9A19103F-16F7-4668-BE54-9A1E7A4F7556}") = "Equinor.ProCoSys.Preservation.Command", "Equinor.ProCoSys.Preservation.Command\Equinor.ProCoSys.Preservation.Command.csproj", "{296F1764-9FF9-4ABF-BF47-D447E249BFAA}"
EndProject
Project("{9A19103F-16F7-4668-BE54-9A1E7A4F7556}") = "Equinor.ProCoSys.Preservation.Query", "Equinor.ProCoSys.Preservation.Query\Equinor.ProCoSys.Preservation.Query.csproj", "{79C78589-9C5E-4B7E-AFFF-63E9FD6AEDD4}"
EndProject
Project("{2150E333-8FDC-42A3-9474-1A3956D46DE8}") = "Solution Items", "Solution Items", "{946E8B4F-9EA5-4301-AFAD-14299C816709}"
	ProjectSection(SolutionItems) = preProject
		.editorconfig = .editorconfig
		..\pipelines\api-build.yml = ..\pipelines\api-build.yml
		..\README.md = ..\README.md
	EndProjectSection
EndProject
Project("{2150E333-8FDC-42A3-9474-1A3956D46DE8}") = "Tests", "Tests", "{DFB50BC5-5201-42FD-A049-CF0259AA7AE8}"
EndProject
Project("{9A19103F-16F7-4668-BE54-9A1E7A4F7556}") = "Equinor.ProCoSys.Preservation.Command.Tests", "tests\Equinor.Procosys.Preservation.Command.Tests\Equinor.ProCoSys.Preservation.Command.Tests.csproj", "{C8B4C7EF-8564-4D9A-8F12-118CB5B0C8BA}"
EndProject
Project("{9A19103F-16F7-4668-BE54-9A1E7A4F7556}") = "Equinor.ProCoSys.Preservation.Domain.Tests", "tests\Equinor.Procosys.Preservation.Domain.Tests\Equinor.ProCoSys.Preservation.Domain.Tests.csproj", "{91E20BF7-866A-435D-8146-01A1CA827B19}"
EndProject
Project("{9A19103F-16F7-4668-BE54-9A1E7A4F7556}") = "Equinor.ProCoSys.Preservation.Infrastructure.Tests", "tests\Equinor.Procosys.Preservation.Infrastructure.Tests\Equinor.ProCoSys.Preservation.Infrastructure.Tests.csproj", "{8AEAA372-6AE4-46F4-9CBD-BC46B722CC79}"
EndProject
Project("{9A19103F-16F7-4668-BE54-9A1E7A4F7556}") = "Equinor.ProCoSys.Preservation.Query.Tests", "tests\Equinor.Procosys.Preservation.Query.Tests\Equinor.ProCoSys.Preservation.Query.Tests.csproj", "{F8610A00-6320-46AD-AC74-70F2311DC062}"
EndProject
Project("{9A19103F-16F7-4668-BE54-9A1E7A4F7556}") = "Equinor.ProCoSys.Preservation.WebApi.Tests", "tests\Equinor.Procosys.Preservation.WebApi.Tests\Equinor.ProCoSys.Preservation.WebApi.Tests.csproj", "{065C9A62-0885-4238-8893-B10BE15E5201}"
EndProject
Project("{9A19103F-16F7-4668-BE54-9A1E7A4F7556}") = "Equinor.ProCoSys.Preservation.MainApi", "Equinor.ProCoSys.Preservation.MainApi\Equinor.ProCoSys.Preservation.MainApi.csproj", "{CFF1281F-84A3-4A73-B32E-ED6A666C187F}"
EndProject
Project("{9A19103F-16F7-4668-BE54-9A1E7A4F7556}") = "Equinor.ProCoSys.Preservation.MainApi.Tests", "tests\Equinor.Procosys.Preservation.MainApi.Tests\Equinor.ProCoSys.Preservation.MainApi.Tests.csproj", "{3628443D-47B4-4D7A-AB08-3E0F613E5015}"
EndProject
Project("{9A19103F-16F7-4668-BE54-9A1E7A4F7556}") = "Equinor.ProCoSys.Preservation.Test.Common", "tests\Equinor.Procosys.Preservation.Test.Common\Equinor.ProCoSys.Preservation.Test.Common.csproj", "{AF5AC8E5-6A5F-4560-86BC-7E35FE1F01F3}"
EndProject
Project("{9A19103F-16F7-4668-BE54-9A1E7A4F7556}") = "Equinor.ProCoSys.Preservation.BlobStorage", "Equinor.ProCoSys.Preservation.BlobStorage\Equinor.ProCoSys.Preservation.BlobStorage.csproj", "{F2ECB765-2E38-43B3-BB94-050F9D1E2CB3}"
EndProject
Project("{9A19103F-16F7-4668-BE54-9A1E7A4F7556}") = "Equinor.ProCoSys.Preservation.WebApi.IntegrationTests", "tests\Equinor.Procosys.Preservation.WebApi.IntegrationTests\Equinor.ProCoSys.Preservation.WebApi.IntegrationTests.csproj", "{62CE4391-513D-4A23-ACB2-9245A0D039AF}"
EndProject
Global
	GlobalSection(SolutionConfigurationPlatforms) = preSolution
		Debug|Any CPU = Debug|Any CPU
		Release|Any CPU = Release|Any CPU
	EndGlobalSection
	GlobalSection(ProjectConfigurationPlatforms) = postSolution
		{41238CAE-6367-4F5C-B20D-D99B12FEF49B}.Debug|Any CPU.ActiveCfg = Debug|Any CPU
		{41238CAE-6367-4F5C-B20D-D99B12FEF49B}.Debug|Any CPU.Build.0 = Debug|Any CPU
		{41238CAE-6367-4F5C-B20D-D99B12FEF49B}.Release|Any CPU.ActiveCfg = Release|Any CPU
		{41238CAE-6367-4F5C-B20D-D99B12FEF49B}.Release|Any CPU.Build.0 = Release|Any CPU
		{1DBA25BE-197F-4748-846B-970E50B67BEE}.Debug|Any CPU.ActiveCfg = Debug|Any CPU
		{1DBA25BE-197F-4748-846B-970E50B67BEE}.Debug|Any CPU.Build.0 = Debug|Any CPU
		{1DBA25BE-197F-4748-846B-970E50B67BEE}.Release|Any CPU.ActiveCfg = Release|Any CPU
		{1DBA25BE-197F-4748-846B-970E50B67BEE}.Release|Any CPU.Build.0 = Release|Any CPU
		{D95EDBEF-BCE7-4DF5-963F-6CE7AFB61B1A}.Debug|Any CPU.ActiveCfg = Debug|Any CPU
		{D95EDBEF-BCE7-4DF5-963F-6CE7AFB61B1A}.Debug|Any CPU.Build.0 = Debug|Any CPU
		{D95EDBEF-BCE7-4DF5-963F-6CE7AFB61B1A}.Release|Any CPU.ActiveCfg = Release|Any CPU
		{D95EDBEF-BCE7-4DF5-963F-6CE7AFB61B1A}.Release|Any CPU.Build.0 = Release|Any CPU
		{296F1764-9FF9-4ABF-BF47-D447E249BFAA}.Debug|Any CPU.ActiveCfg = Debug|Any CPU
		{296F1764-9FF9-4ABF-BF47-D447E249BFAA}.Debug|Any CPU.Build.0 = Debug|Any CPU
		{296F1764-9FF9-4ABF-BF47-D447E249BFAA}.Release|Any CPU.ActiveCfg = Release|Any CPU
		{296F1764-9FF9-4ABF-BF47-D447E249BFAA}.Release|Any CPU.Build.0 = Release|Any CPU
		{79C78589-9C5E-4B7E-AFFF-63E9FD6AEDD4}.Debug|Any CPU.ActiveCfg = Debug|Any CPU
		{79C78589-9C5E-4B7E-AFFF-63E9FD6AEDD4}.Debug|Any CPU.Build.0 = Debug|Any CPU
		{79C78589-9C5E-4B7E-AFFF-63E9FD6AEDD4}.Release|Any CPU.ActiveCfg = Release|Any CPU
		{79C78589-9C5E-4B7E-AFFF-63E9FD6AEDD4}.Release|Any CPU.Build.0 = Release|Any CPU
		{C8B4C7EF-8564-4D9A-8F12-118CB5B0C8BA}.Debug|Any CPU.ActiveCfg = Debug|Any CPU
		{C8B4C7EF-8564-4D9A-8F12-118CB5B0C8BA}.Debug|Any CPU.Build.0 = Debug|Any CPU
		{C8B4C7EF-8564-4D9A-8F12-118CB5B0C8BA}.Release|Any CPU.ActiveCfg = Release|Any CPU
		{C8B4C7EF-8564-4D9A-8F12-118CB5B0C8BA}.Release|Any CPU.Build.0 = Release|Any CPU
		{91E20BF7-866A-435D-8146-01A1CA827B19}.Debug|Any CPU.ActiveCfg = Debug|Any CPU
		{91E20BF7-866A-435D-8146-01A1CA827B19}.Debug|Any CPU.Build.0 = Debug|Any CPU
		{91E20BF7-866A-435D-8146-01A1CA827B19}.Release|Any CPU.ActiveCfg = Release|Any CPU
		{91E20BF7-866A-435D-8146-01A1CA827B19}.Release|Any CPU.Build.0 = Release|Any CPU
		{8AEAA372-6AE4-46F4-9CBD-BC46B722CC79}.Debug|Any CPU.ActiveCfg = Debug|Any CPU
		{8AEAA372-6AE4-46F4-9CBD-BC46B722CC79}.Debug|Any CPU.Build.0 = Debug|Any CPU
		{8AEAA372-6AE4-46F4-9CBD-BC46B722CC79}.Release|Any CPU.ActiveCfg = Release|Any CPU
		{8AEAA372-6AE4-46F4-9CBD-BC46B722CC79}.Release|Any CPU.Build.0 = Release|Any CPU
		{F8610A00-6320-46AD-AC74-70F2311DC062}.Debug|Any CPU.ActiveCfg = Debug|Any CPU
		{F8610A00-6320-46AD-AC74-70F2311DC062}.Debug|Any CPU.Build.0 = Debug|Any CPU
		{F8610A00-6320-46AD-AC74-70F2311DC062}.Release|Any CPU.ActiveCfg = Release|Any CPU
		{F8610A00-6320-46AD-AC74-70F2311DC062}.Release|Any CPU.Build.0 = Release|Any CPU
		{065C9A62-0885-4238-8893-B10BE15E5201}.Debug|Any CPU.ActiveCfg = Debug|Any CPU
		{065C9A62-0885-4238-8893-B10BE15E5201}.Debug|Any CPU.Build.0 = Debug|Any CPU
		{065C9A62-0885-4238-8893-B10BE15E5201}.Release|Any CPU.ActiveCfg = Release|Any CPU
		{065C9A62-0885-4238-8893-B10BE15E5201}.Release|Any CPU.Build.0 = Release|Any CPU
		{CFF1281F-84A3-4A73-B32E-ED6A666C187F}.Debug|Any CPU.ActiveCfg = Debug|Any CPU
		{CFF1281F-84A3-4A73-B32E-ED6A666C187F}.Debug|Any CPU.Build.0 = Debug|Any CPU
		{CFF1281F-84A3-4A73-B32E-ED6A666C187F}.Release|Any CPU.ActiveCfg = Release|Any CPU
		{CFF1281F-84A3-4A73-B32E-ED6A666C187F}.Release|Any CPU.Build.0 = Release|Any CPU
		{3628443D-47B4-4D7A-AB08-3E0F613E5015}.Debug|Any CPU.ActiveCfg = Debug|Any CPU
		{3628443D-47B4-4D7A-AB08-3E0F613E5015}.Debug|Any CPU.Build.0 = Debug|Any CPU
		{3628443D-47B4-4D7A-AB08-3E0F613E5015}.Release|Any CPU.ActiveCfg = Release|Any CPU
		{3628443D-47B4-4D7A-AB08-3E0F613E5015}.Release|Any CPU.Build.0 = Release|Any CPU
		{AF5AC8E5-6A5F-4560-86BC-7E35FE1F01F3}.Debug|Any CPU.ActiveCfg = Debug|Any CPU
		{AF5AC8E5-6A5F-4560-86BC-7E35FE1F01F3}.Debug|Any CPU.Build.0 = Debug|Any CPU
		{AF5AC8E5-6A5F-4560-86BC-7E35FE1F01F3}.Release|Any CPU.ActiveCfg = Release|Any CPU
		{AF5AC8E5-6A5F-4560-86BC-7E35FE1F01F3}.Release|Any CPU.Build.0 = Release|Any CPU
		{F2ECB765-2E38-43B3-BB94-050F9D1E2CB3}.Debug|Any CPU.ActiveCfg = Debug|Any CPU
		{F2ECB765-2E38-43B3-BB94-050F9D1E2CB3}.Debug|Any CPU.Build.0 = Debug|Any CPU
		{F2ECB765-2E38-43B3-BB94-050F9D1E2CB3}.Release|Any CPU.ActiveCfg = Release|Any CPU
		{F2ECB765-2E38-43B3-BB94-050F9D1E2CB3}.Release|Any CPU.Build.0 = Release|Any CPU
		{62CE4391-513D-4A23-ACB2-9245A0D039AF}.Debug|Any CPU.ActiveCfg = Debug|Any CPU
		{62CE4391-513D-4A23-ACB2-9245A0D039AF}.Debug|Any CPU.Build.0 = Debug|Any CPU
		{62CE4391-513D-4A23-ACB2-9245A0D039AF}.Release|Any CPU.ActiveCfg = Release|Any CPU
		{62CE4391-513D-4A23-ACB2-9245A0D039AF}.Release|Any CPU.Build.0 = Release|Any CPU
	EndGlobalSection
	GlobalSection(SolutionProperties) = preSolution
		HideSolutionNode = FALSE
	EndGlobalSection
	GlobalSection(NestedProjects) = preSolution
		{C8B4C7EF-8564-4D9A-8F12-118CB5B0C8BA} = {DFB50BC5-5201-42FD-A049-CF0259AA7AE8}
		{91E20BF7-866A-435D-8146-01A1CA827B19} = {DFB50BC5-5201-42FD-A049-CF0259AA7AE8}
		{8AEAA372-6AE4-46F4-9CBD-BC46B722CC79} = {DFB50BC5-5201-42FD-A049-CF0259AA7AE8}
		{F8610A00-6320-46AD-AC74-70F2311DC062} = {DFB50BC5-5201-42FD-A049-CF0259AA7AE8}
		{065C9A62-0885-4238-8893-B10BE15E5201} = {DFB50BC5-5201-42FD-A049-CF0259AA7AE8}
		{3628443D-47B4-4D7A-AB08-3E0F613E5015} = {DFB50BC5-5201-42FD-A049-CF0259AA7AE8}
		{AF5AC8E5-6A5F-4560-86BC-7E35FE1F01F3} = {DFB50BC5-5201-42FD-A049-CF0259AA7AE8}
		{62CE4391-513D-4A23-ACB2-9245A0D039AF} = {DFB50BC5-5201-42FD-A049-CF0259AA7AE8}
	EndGlobalSection
	GlobalSection(ExtensibilityGlobals) = postSolution
		SolutionGuid = {C79730D0-E4C2-474A-9D04-1C07256B6DF3}
	EndGlobalSection
EndGlobal
